// !$*UTF8*$!
{
	archiveVersion = 1;
	classes = {
	};
	objectVersion = 46;
	objects = {

/* Begin PBXBuildFile section */
		7F198D1F1D26E280003C3DBA /* Extensions.swift in Sources */ = {isa = PBXBuildFile; fileRef = 7F198D1E1D26E280003C3DBA /* Extensions.swift */; };
		7FAF7C081D2441A600A32459 /* MapKit.framework in Frameworks */ = {isa = PBXBuildFile; fileRef = 7FAF7C071D2441A600A32459 /* MapKit.framework */; };
		7FAF7C0A1D24422C00A32459 /* MapViewController.swift in Sources */ = {isa = PBXBuildFile; fileRef = 7FAF7C091D24422C00A32459 /* MapViewController.swift */; };
		7FBAA6891D186421003E7B94 /* LocationDetailViewController.swift in Sources */ = {isa = PBXBuildFile; fileRef = 7FBAA6881D186421003E7B94 /* LocationDetailViewController.swift */; };
		7FBAA68B1D18ACB3003E7B94 /* CategoryPickerViewController.swift in Sources */ = {isa = PBXBuildFile; fileRef = 7FBAA68A1D18ACB3003E7B94 /* CategoryPickerViewController.swift */; };
		7FBAA68D1D19D491003E7B94 /* HudView.swift in Sources */ = {isa = PBXBuildFile; fileRef = 7FBAA68C1D19D491003E7B94 /* HudView.swift */; };
		7FBAA68F1D1B0869003E7B94 /* Functions.swift in Sources */ = {isa = PBXBuildFile; fileRef = 7FBAA68E1D1B0869003E7B94 /* Functions.swift */; };
		7FBAA6921D1C935F003E7B94 /* DataModel.xcdatamodeld in Sources */ = {isa = PBXBuildFile; fileRef = 7FBAA6901D1C935F003E7B94 /* DataModel.xcdatamodeld */; };
		7FBAA6951D1C98C3003E7B94 /* Location+CoreDataProperties.swift in Sources */ = {isa = PBXBuildFile; fileRef = 7FBAA6931D1C98C3003E7B94 /* Location+CoreDataProperties.swift */; };
		7FBAA6961D1C98C3003E7B94 /* Location.swift in Sources */ = {isa = PBXBuildFile; fileRef = 7FBAA6941D1C98C3003E7B94 /* Location.swift */; };
		7FBAA69C1D1DE20F003E7B94 /* LocationsViewController.swift in Sources */ = {isa = PBXBuildFile; fileRef = 7FBAA69B1D1DE20F003E7B94 /* LocationsViewController.swift */; };
		7FBAA69E1D1DF494003E7B94 /* LocationCell.swift in Sources */ = {isa = PBXBuildFile; fileRef = 7FBAA69D1D1DF494003E7B94 /* LocationCell.swift */; };
		7FE050D41D2707440099EAFB /* CustomTabBarController.swift in Sources */ = {isa = PBXBuildFile; fileRef = 7FE050D31D2707440099EAFB /* CustomTabBarController.swift */; };
		7FE050D81D270A2D0099EAFB /* CustomNavigationController.swift in Sources */ = {isa = PBXBuildFile; fileRef = 7FE050D71D270A2D0099EAFB /* CustomNavigationController.swift */; };
		7FE050DA1D270AA70099EAFB /* CustomImagePickerController.swift in Sources */ = {isa = PBXBuildFile; fileRef = 7FE050D91D270AA70099EAFB /* CustomImagePickerController.swift */; };
		7FEDD6831D1347D1001AC853 /* AppDelegate.swift in Sources */ = {isa = PBXBuildFile; fileRef = 7FEDD6821D1347D1001AC853 /* AppDelegate.swift */; };
		7FEDD6851D1347D1001AC853 /* CurrentLocationViewController.swift in Sources */ = {isa = PBXBuildFile; fileRef = 7FEDD6841D1347D1001AC853 /* CurrentLocationViewController.swift */; };
		7FEDD68A1D1347D1001AC853 /* Main.storyboard in Resources */ = {isa = PBXBuildFile; fileRef = 7FEDD6881D1347D1001AC853 /* Main.storyboard */; };
		7FEDD68C1D1347D2001AC853 /* Assets.xcassets in Resources */ = {isa = PBXBuildFile; fileRef = 7FEDD68B1D1347D2001AC853 /* Assets.xcassets */; };
		7FEDD68F1D1347D2001AC853 /* LaunchScreen.storyboard in Resources */ = {isa = PBXBuildFile; fileRef = 7FEDD68D1D1347D2001AC853 /* LaunchScreen.storyboard */; };
/* End PBXBuildFile section */

/* Begin PBXFileReference section */
		7F198D1E1D26E280003C3DBA /* Extensions.swift */ = {isa = PBXFileReference; fileEncoding = 4; lastKnownFileType = sourcecode.swift; path = Extensions.swift; sourceTree = "<group>"; };
		7FAF7C071D2441A600A32459 /* MapKit.framework */ = {isa = PBXFileReference; lastKnownFileType = wrapper.framework; name = MapKit.framework; path = System/Library/Frameworks/MapKit.framework; sourceTree = SDKROOT; };
		7FAF7C091D24422C00A32459 /* MapViewController.swift */ = {isa = PBXFileReference; fileEncoding = 4; lastKnownFileType = sourcecode.swift; path = MapViewController.swift; sourceTree = "<group>"; };
		7FBAA6881D186421003E7B94 /* LocationDetailViewController.swift */ = {isa = PBXFileReference; fileEncoding = 4; lastKnownFileType = sourcecode.swift; path = LocationDetailViewController.swift; sourceTree = "<group>"; };
		7FBAA68A1D18ACB3003E7B94 /* CategoryPickerViewController.swift */ = {isa = PBXFileReference; fileEncoding = 4; lastKnownFileType = sourcecode.swift; path = CategoryPickerViewController.swift; sourceTree = "<group>"; };
		7FBAA68C1D19D491003E7B94 /* HudView.swift */ = {isa = PBXFileReference; fileEncoding = 4; lastKnownFileType = sourcecode.swift; path = HudView.swift; sourceTree = "<group>"; };
		7FBAA68E1D1B0869003E7B94 /* Functions.swift */ = {isa = PBXFileReference; fileEncoding = 4; lastKnownFileType = sourcecode.swift; path = Functions.swift; sourceTree = "<group>"; };
		7FBAA6911D1C935F003E7B94 /* DataModel.xcdatamodel */ = {isa = PBXFileReference; lastKnownFileType = wrapper.xcdatamodel; path = DataModel.xcdatamodel; sourceTree = "<group>"; };
		7FBAA6931D1C98C3003E7B94 /* Location+CoreDataProperties.swift */ = {isa = PBXFileReference; fileEncoding = 4; lastKnownFileType = sourcecode.swift; name = "Location+CoreDataProperties.swift"; path = "../Location+CoreDataProperties.swift"; sourceTree = "<group>"; };
		7FBAA6941D1C98C3003E7B94 /* Location.swift */ = {isa = PBXFileReference; fileEncoding = 4; lastKnownFileType = sourcecode.swift; name = Location.swift; path = ../Location.swift; sourceTree = "<group>"; };
		7FBAA69B1D1DE20F003E7B94 /* LocationsViewController.swift */ = {isa = PBXFileReference; fileEncoding = 4; lastKnownFileType = sourcecode.swift; path = LocationsViewController.swift; sourceTree = "<group>"; };
		7FBAA69D1D1DF494003E7B94 /* LocationCell.swift */ = {isa = PBXFileReference; fileEncoding = 4; lastKnownFileType = sourcecode.swift; path = LocationCell.swift; sourceTree = "<group>"; };
		7FE050D31D2707440099EAFB /* CustomTabBarController.swift */ = {isa = PBXFileReference; fileEncoding = 4; lastKnownFileType = sourcecode.swift; path = CustomTabBarController.swift; sourceTree = "<group>"; };
		7FE050D71D270A2D0099EAFB /* CustomNavigationController.swift */ = {isa = PBXFileReference; fileEncoding = 4; lastKnownFileType = sourcecode.swift; path = CustomNavigationController.swift; sourceTree = "<group>"; };
		7FE050D91D270AA70099EAFB /* CustomImagePickerController.swift */ = {isa = PBXFileReference; fileEncoding = 4; lastKnownFileType = sourcecode.swift; path = CustomImagePickerController.swift; sourceTree = "<group>"; };
		7FEDD67F1D1347D0001AC853 /* MyLocations.app */ = {isa = PBXFileReference; explicitFileType = wrapper.application; includeInIndex = 0; path = MyLocations.app; sourceTree = BUILT_PRODUCTS_DIR; };
		7FEDD6821D1347D1001AC853 /* AppDelegate.swift */ = {isa = PBXFileReference; lastKnownFileType = sourcecode.swift; path = AppDelegate.swift; sourceTree = "<group>"; };
		7FEDD6841D1347D1001AC853 /* CurrentLocationViewController.swift */ = {isa = PBXFileReference; lastKnownFileType = sourcecode.swift; path = CurrentLocationViewController.swift; sourceTree = "<group>"; };
		7FEDD6891D1347D1001AC853 /* Base */ = {isa = PBXFileReference; lastKnownFileType = file.storyboard; name = Base; path = Base.lproj/Main.storyboard; sourceTree = "<group>"; };
		7FEDD68B1D1347D2001AC853 /* Assets.xcassets */ = {isa = PBXFileReference; lastKnownFileType = folder.assetcatalog; path = Assets.xcassets; sourceTree = "<group>"; };
		7FEDD68E1D1347D2001AC853 /* Base */ = {isa = PBXFileReference; lastKnownFileType = file.storyboard; name = Base; path = Base.lproj/LaunchScreen.storyboard; sourceTree = "<group>"; };
		7FEDD6901D1347D2001AC853 /* Info.plist */ = {isa = PBXFileReference; lastKnownFileType = text.plist.xml; path = Info.plist; sourceTree = "<group>"; };
/* End PBXFileReference section */

/* Begin PBXFrameworksBuildPhase section */
		7FEDD67C1D1347D0001AC853 /* Frameworks */ = {
			isa = PBXFrameworksBuildPhase;
			buildActionMask = 2147483647;
			files = (
				7FAF7C081D2441A600A32459 /* MapKit.framework in Frameworks */,
			);
			runOnlyForDeploymentPostprocessing = 0;
		};
/* End PBXFrameworksBuildPhase section */

/* Begin PBXGroup section */
		7F198D201D26E287003C3DBA /* Extensions */ = {
			isa = PBXGroup;
			children = (
				7FBAA6931D1C98C3003E7B94 /* Location+CoreDataProperties.swift */,
				7F198D1E1D26E280003C3DBA /* Extensions.swift */,
			);
			name = Extensions;
			sourceTree = "<group>";
		};
		7FBAA6971D1DDA02003E7B94 /* ViewControllers */ = {
			isa = PBXGroup;
			children = (
				7FEDD6841D1347D1001AC853 /* CurrentLocationViewController.swift */,
				7FBAA6881D186421003E7B94 /* LocationDetailViewController.swift */,
				7FBAA68A1D18ACB3003E7B94 /* CategoryPickerViewController.swift */,
				7FBAA69B1D1DE20F003E7B94 /* LocationsViewController.swift */,
				7FAF7C091D24422C00A32459 /* MapViewController.swift */,
			);
			name = ViewControllers;
			sourceTree = "<group>";
		};
		7FBAA6981D1DDA32003E7B94 /* Objects */ = {
			isa = PBXGroup;
			children = (
				7FBAA6941D1C98C3003E7B94 /* Location.swift */,
			);
			name = Objects;
			sourceTree = "<group>";
		};
		7FBAA6991D1DDA44003E7B94 /* Views */ = {
			isa = PBXGroup;
			children = (
				7FBAA69D1D1DF494003E7B94 /* LocationCell.swift */,
				7FBAA68C1D19D491003E7B94 /* HudView.swift */,
				7FE050D31D2707440099EAFB /* CustomTabBarController.swift */,
				7FE050D71D270A2D0099EAFB /* CustomNavigationController.swift */,
				7FE050D91D270AA70099EAFB /* CustomImagePickerController.swift */,
			);
			name = Views;
			sourceTree = "<group>";
		};
		7FBAA69A1D1DDA5A003E7B94 /* Data */ = {
			isa = PBXGroup;
			children = (
				7FBAA6901D1C935F003E7B94 /* DataModel.xcdatamodeld */,
				7FEDD6901D1347D2001AC853 /* Info.plist */,
			);
			name = Data;
			sourceTree = "<group>";
		};
		7FEDD6761D1347D0001AC853 = {
			isa = PBXGroup;
			children = (
				7FAF7C071D2441A600A32459 /* MapKit.framework */,
				7FEDD6811D1347D1001AC853 /* MyLocations */,
				7FEDD6801D1347D0001AC853 /* Products */,
			);
			sourceTree = "<group>";
		};
		7FEDD6801D1347D0001AC853 /* Products */ = {
			isa = PBXGroup;
			children = (
				7FEDD67F1D1347D0001AC853 /* MyLocations.app */,
			);
			name = Products;
			sourceTree = "<group>";
		};
		7FEDD6811D1347D1001AC853 /* MyLocations */ = {
			isa = PBXGroup;
			children = (
				7FEDD6821D1347D1001AC853 /* AppDelegate.swift */,
				7FBAA68E1D1B0869003E7B94 /* Functions.swift */,
				7FBAA69A1D1DDA5A003E7B94 /* Data */,
				7FBAA6991D1DDA44003E7B94 /* Views */,
				7FBAA6971D1DDA02003E7B94 /* ViewControllers */,
				7FBAA6981D1DDA32003E7B94 /* Objects */,
				7F198D201D26E287003C3DBA /* Extensions */,
				7FEDD6881D1347D1001AC853 /* Main.storyboard */,
				7FEDD68B1D1347D2001AC853 /* Assets.xcassets */,
				7FEDD68D1D1347D2001AC853 /* LaunchScreen.storyboard */,
			);
			path = MyLocations;
			sourceTree = "<group>";
		};
/* End PBXGroup section */

/* Begin PBXNativeTarget section */
		7FEDD67E1D1347D0001AC853 /* MyLocations */ = {
			isa = PBXNativeTarget;
			buildConfigurationList = 7FEDD6931D1347D2001AC853 /* Build configuration list for PBXNativeTarget "MyLocations" */;
			buildPhases = (
				7FEDD67B1D1347D0001AC853 /* Sources */,
				7FEDD67C1D1347D0001AC853 /* Frameworks */,
				7FEDD67D1D1347D0001AC853 /* Resources */,
			);
			buildRules = (
			);
			dependencies = (
			);
			name = MyLocations;
			productName = MyLocations;
			productReference = 7FEDD67F1D1347D0001AC853 /* MyLocations.app */;
			productType = "com.apple.product-type.application";
		};
/* End PBXNativeTarget section */

/* Begin PBXProject section */
		7FEDD6771D1347D0001AC853 /* Project object */ = {
			isa = PBXProject;
			attributes = {
				LastSwiftUpdateCheck = 0730;
				LastUpgradeCheck = 0730;
				ORGANIZATIONNAME = "Ike Mattice";
				TargetAttributes = {
					7FEDD67E1D1347D0001AC853 = {
						CreatedOnToolsVersion = 7.3.1;
						DevelopmentTeam = VNA55J4REY;
					};
				};
			};
			buildConfigurationList = 7FEDD67A1D1347D0001AC853 /* Build configuration list for PBXProject "MyLocations" */;
			compatibilityVersion = "Xcode 3.2";
			developmentRegion = English;
			hasScannedForEncodings = 0;
			knownRegions = (
				en,
				Base,
			);
			mainGroup = 7FEDD6761D1347D0001AC853;
			productRefGroup = 7FEDD6801D1347D0001AC853 /* Products */;
			projectDirPath = "";
			projectRoot = "";
			targets = (
				7FEDD67E1D1347D0001AC853 /* MyLocations */,
			);
		};
/* End PBXProject section */

/* Begin PBXResourcesBuildPhase section */
		7FEDD67D1D1347D0001AC853 /* Resources */ = {
			isa = PBXResourcesBuildPhase;
			buildActionMask = 2147483647;
			files = (
				7FEDD68F1D1347D2001AC853 /* LaunchScreen.storyboard in Resources */,
				7FEDD68C1D1347D2001AC853 /* Assets.xcassets in Resources */,
				7FEDD68A1D1347D1001AC853 /* Main.storyboard in Resources */,
			);
			runOnlyForDeploymentPostprocessing = 0;
		};
/* End PBXResourcesBuildPhase section */

/* Begin PBXSourcesBuildPhase section */
		7FEDD67B1D1347D0001AC853 /* Sources */ = {
			isa = PBXSourcesBuildPhase;
			buildActionMask = 2147483647;
			files = (
				7FBAA6891D186421003E7B94 /* LocationDetailViewController.swift in Sources */,
				7FBAA6921D1C935F003E7B94 /* DataModel.xcdatamodeld in Sources */,
				7FBAA6961D1C98C3003E7B94 /* Location.swift in Sources */,
				7FBAA69C1D1DE20F003E7B94 /* LocationsViewController.swift in Sources */,
				7FE050DA1D270AA70099EAFB /* CustomImagePickerController.swift in Sources */,
				7FBAA68D1D19D491003E7B94 /* HudView.swift in Sources */,
				7FBAA68F1D1B0869003E7B94 /* Functions.swift in Sources */,
				7FE050D81D270A2D0099EAFB /* CustomNavigationController.swift in Sources */,
				7FBAA69E1D1DF494003E7B94 /* LocationCell.swift in Sources */,
				7FAF7C0A1D24422C00A32459 /* MapViewController.swift in Sources */,
				7FE050D41D2707440099EAFB /* CustomTabBarController.swift in Sources */,
				7F198D1F1D26E280003C3DBA /* Extensions.swift in Sources */,
				7FBAA6951D1C98C3003E7B94 /* Location+CoreDataProperties.swift in Sources */,
				7FEDD6831D1347D1001AC853 /* AppDelegate.swift in Sources */,
				7FBAA68B1D18ACB3003E7B94 /* CategoryPickerViewController.swift in Sources */,
				7FEDD6851D1347D1001AC853 /* CurrentLocationViewController.swift in Sources */,
			);
			runOnlyForDeploymentPostprocessing = 0;
		};
/* End PBXSourcesBuildPhase section */

/* Begin PBXVariantGroup section */
		7FEDD6881D1347D1001AC853 /* Main.storyboard */ = {
			isa = PBXVariantGroup;
			children = (
				7FEDD6891D1347D1001AC853 /* Base */,
			);
			name = Main.storyboard;
			sourceTree = "<group>";
		};
		7FEDD68D1D1347D2001AC853 /* LaunchScreen.storyboard */ = {
			isa = PBXVariantGroup;
			children = (
				7FEDD68E1D1347D2001AC853 /* Base */,
			);
			name = LaunchScreen.storyboard;
			sourceTree = "<group>";
		};
/* End PBXVariantGroup section */

/* Begin XCBuildConfiguration section */
		7FEDD6911D1347D2001AC853 /* Debug */ = {
			isa = XCBuildConfiguration;
			buildSettings = {
				ALWAYS_SEARCH_USER_PATHS = NO;
				CLANG_ANALYZER_NONNULL = YES;
				CLANG_CXX_LANGUAGE_STANDARD = "gnu++0x";
				CLANG_CXX_LIBRARY = "libc++";
				CLANG_ENABLE_MODULES = YES;
				CLANG_ENABLE_OBJC_ARC = YES;
				CLANG_WARN_BOOL_CONVERSION = YES;
				CLANG_WARN_CONSTANT_CONVERSION = YES;
				CLANG_WARN_DIRECT_OBJC_ISA_USAGE = YES_ERROR;
				CLANG_WARN_EMPTY_BODY = YES;
				CLANG_WARN_ENUM_CONVERSION = YES;
				CLANG_WARN_INT_CONVERSION = YES;
				CLANG_WARN_OBJC_ROOT_CLASS = YES_ERROR;
				CLANG_WARN_UNREACHABLE_CODE = YES;
				CLANG_WARN__DUPLICATE_METHOD_MATCH = YES;
				"CODE_SIGN_IDENTITY[sdk=iphoneos*]" = "iPhone Developer";
				COPY_PHASE_STRIP = NO;
				DEBUG_INFORMATION_FORMAT = dwarf;
				ENABLE_STRICT_OBJC_MSGSEND = YES;
				ENABLE_TESTABILITY = YES;
				GCC_C_LANGUAGE_STANDARD = gnu99;
				GCC_DYNAMIC_NO_PIC = NO;
				GCC_NO_COMMON_BLOCKS = YES;
				GCC_OPTIMIZATION_LEVEL = 0;
				GCC_PREPROCESSOR_DEFINITIONS = (
					"DEBUG=1",
					"$(inherited)",
				);
				GCC_WARN_64_TO_32_BIT_CONVERSION = YES;
				GCC_WARN_ABOUT_RETURN_TYPE = YES_ERROR;
				GCC_WARN_UNDECLARED_SELECTOR = YES;
				GCC_WARN_UNINITIALIZED_AUTOS = YES_AGGRESSIVE;
				GCC_WARN_UNUSED_FUNCTION = YES;
				GCC_WARN_UNUSED_VARIABLE = YES;
				IPHONEOS_DEPLOYMENT_TARGET = 9.3;
				MTL_ENABLE_DEBUG_INFO = YES;
				ONLY_ACTIVE_ARCH = YES;
				SDKROOT = iphoneos;
				SWIFT_OPTIMIZATION_LEVEL = "-Onone";
			};
			name = Debug;
		};
		7FEDD6921D1347D2001AC853 /* Release */ = {
			isa = XCBuildConfiguration;
			buildSettings = {
				ALWAYS_SEARCH_USER_PATHS = NO;
				CLANG_ANALYZER_NONNULL = YES;
				CLANG_CXX_LANGUAGE_STANDARD = "gnu++0x";
				CLANG_CXX_LIBRARY = "libc++";
				CLANG_ENABLE_MODULES = YES;
				CLANG_ENABLE_OBJC_ARC = YES;
				CLANG_WARN_BOOL_CONVERSION = YES;
				CLANG_WARN_CONSTANT_CONVERSION = YES;
				CLANG_WARN_DIRECT_OBJC_ISA_USAGE = YES_ERROR;
				CLANG_WARN_EMPTY_BODY = YES;
				CLANG_WARN_ENUM_CONVERSION = YES;
				CLANG_WARN_INT_CONVERSION = YES;
				CLANG_WARN_OBJC_ROOT_CLASS = YES_ERROR;
				CLANG_WARN_UNREACHABLE_CODE = YES;
				CLANG_WARN__DUPLICATE_METHOD_MATCH = YES;
				"CODE_SIGN_IDENTITY[sdk=iphoneos*]" = "iPhone Developer";
				COPY_PHASE_STRIP = NO;
				DEBUG_INFORMATION_FORMAT = "dwarf-with-dsym";
				ENABLE_NS_ASSERTIONS = NO;
				ENABLE_STRICT_OBJC_MSGSEND = YES;
				GCC_C_LANGUAGE_STANDARD = gnu99;
				GCC_NO_COMMON_BLOCKS = YES;
				GCC_WARN_64_TO_32_BIT_CONVERSION = YES;
				GCC_WARN_ABOUT_RETURN_TYPE = YES_ERROR;
				GCC_WARN_UNDECLARED_SELECTOR = YES;
				GCC_WARN_UNINITIALIZED_AUTOS = YES_AGGRESSIVE;
				GCC_WARN_UNUSED_FUNCTION = YES;
				GCC_WARN_UNUSED_VARIABLE = YES;
				IPHONEOS_DEPLOYMENT_TARGET = 9.3;
				MTL_ENABLE_DEBUG_INFO = NO;
				SDKROOT = iphoneos;
				VALIDATE_PRODUCT = YES;
			};
			name = Release;
		};
		7FEDD6941D1347D2001AC853 /* Debug */ = {
			isa = XCBuildConfiguration;
			buildSettings = {
				ASSETCATALOG_COMPILER_APPICON_NAME = AppIcon;
				CODE_SIGN_IDENTITY = "iPhone Developer";
				"CODE_SIGN_IDENTITY[sdk=iphoneos*]" = "iPhone Developer";
				INFOPLIST_FILE = MyLocations/Info.plist;
				LD_RUNPATH_SEARCH_PATHS = "$(inherited) @executable_path/Frameworks";
				PRODUCT_BUNDLE_IDENTIFIER = com.IkeMattice.MyLocations;
				PRODUCT_NAME = "$(TARGET_NAME)";
				PROVISIONING_PROFILE = "";
			};
			name = Debug;
		};
		7FEDD6951D1347D2001AC853 /* Release */ = {
			isa = XCBuildConfiguration;
			buildSettings = {
				ASSETCATALOG_COMPILER_APPICON_NAME = AppIcon;
				CODE_SIGN_IDENTITY = "iPhone Developer";
				"CODE_SIGN_IDENTITY[sdk=iphoneos*]" = "iPhone Developer";
				INFOPLIST_FILE = MyLocations/Info.plist;
				LD_RUNPATH_SEARCH_PATHS = "$(inherited) @executable_path/Frameworks";
				PRODUCT_BUNDLE_IDENTIFIER = com.IkeMattice.MyLocations;
				PRODUCT_NAME = "$(TARGET_NAME)";
				PROVISIONING_PROFILE = "";
			};
			name = Release;
		};
/* End XCBuildConfiguration section */

/* Begin XCConfigurationList section */
		7FEDD67A1D1347D0001AC853 /* Build configuration list for PBXProject "MyLocations" */ = {
			isa = XCConfigurationList;
			buildConfigurations = (
				7FEDD6911D1347D2001AC853 /* Debug */,
				7FEDD6921D1347D2001AC853 /* Release */,
			);
			defaultConfigurationIsVisible = 0;
			defaultConfigurationName = Release;
		};
		7FEDD6931D1347D2001AC853 /* Build configuration list for PBXNativeTarget "MyLocations" */ = {
			isa = XCConfigurationList;
			buildConfigurations = (
				7FEDD6941D1347D2001AC853 /* Debug */,
				7FEDD6951D1347D2001AC853 /* Release */,
			);
			defaultConfigurationIsVisible = 0;
			defaultConfigurationName = Release;
		};
/* End XCConfigurationList section */

/* Begin XCVersionGroup section */
		7FBAA6901D1C935F003E7B94 /* DataModel.xcdatamodeld */ = {
			isa = XCVersionGroup;
			children = (
				7FBAA6911D1C935F003E7B94 /* DataModel.xcdatamodel */,
			);
			currentVersion = 7FBAA6911D1C935F003E7B94 /* DataModel.xcdatamodel */;
			path = DataModel.xcdatamodeld;
			sourceTree = "<group>";
			versionGroupType = wrapper.xcdatamodel;
		};
/* End XCVersionGroup section */
	};
	rootObject = 7FEDD6771D1347D0001AC853 /* Project object */;
}
